// !$*UTF8*$!
{
	archiveVersion = 1;
	classes = {
	};
	objectVersion = 77;
	objects = {

/* Begin PBXBuildFile section */
		328648502C67BA4800D435FA /* RxCocoa in Frameworks */ = {isa = PBXBuildFile; productRef = 3286484F2C67BA4800D435FA /* RxCocoa */; };
		328648522C67BA4800D435FA /* RxSwift in Frameworks */ = {isa = PBXBuildFile; productRef = 328648512C67BA4800D435FA /* RxSwift */; };
/* End PBXBuildFile section */

/* Begin PBXContainerItemProxy section */
		329F81B12C67AB6900ECCA4E /* PBXContainerItemProxy */ = {
			isa = PBXContainerItemProxy;
			containerPortal = 329F81982C67AB6400ECCA4E /* Project object */;
			proxyType = 1;
			remoteGlobalIDString = 329F819F2C67AB6400ECCA4E;
			remoteInfo = Metronom;
		};
		329F81BB2C67AB6900ECCA4E /* PBXContainerItemProxy */ = {
			isa = PBXContainerItemProxy;
			containerPortal = 329F81982C67AB6400ECCA4E /* Project object */;
			proxyType = 1;
			remoteGlobalIDString = 329F819F2C67AB6400ECCA4E;
			remoteInfo = Metronom;
		};
/* End PBXContainerItemProxy section */

/* Begin PBXFileReference section */
		329F81A02C67AB6400ECCA4E /* Metronom.app */ = {isa = PBXFileReference; explicitFileType = wrapper.application; includeInIndex = 0; path = Metronom.app; sourceTree = BUILT_PRODUCTS_DIR; };
		329F81B02C67AB6900ECCA4E /* MetronomTests.xctest */ = {isa = PBXFileReference; explicitFileType = wrapper.cfbundle; includeInIndex = 0; path = MetronomTests.xctest; sourceTree = BUILT_PRODUCTS_DIR; };
		329F81BA2C67AB6900ECCA4E /* MetronomUITests.xctest */ = {isa = PBXFileReference; explicitFileType = wrapper.cfbundle; includeInIndex = 0; path = MetronomUITests.xctest; sourceTree = BUILT_PRODUCTS_DIR; };
/* End PBXFileReference section */

/* Begin PBXFileSystemSynchronizedRootGroup section */
		329F81A22C67AB6400ECCA4E /* Metronom */ = {
			isa = PBXFileSystemSynchronizedRootGroup;
			path = Metronom;
			sourceTree = "<group>";
		};
		329F81B32C67AB6900ECCA4E /* MetronomTests */ = {
			isa = PBXFileSystemSynchronizedRootGroup;
			path = MetronomTests;
			sourceTree = "<group>";
		};
		329F81BD2C67AB6900ECCA4E /* MetronomUITests */ = {
			isa = PBXFileSystemSynchronizedRootGroup;
			path = MetronomUITests;
			sourceTree = "<group>";
		};
/* End PBXFileSystemSynchronizedRootGroup section */

/* Begin PBXFrameworksBuildPhase section */
		329F819D2C67AB6400ECCA4E /* Frameworks */ = {
			isa = PBXFrameworksBuildPhase;
			buildActionMask = 2147483647;
			files = (
				328648522C67BA4800D435FA /* RxSwift in Frameworks */,
				328648502C67BA4800D435FA /* RxCocoa in Frameworks */,
			);
			runOnlyForDeploymentPostprocessing = 0;
		};
		329F81AD2C67AB6900ECCA4E /* Frameworks */ = {
			isa = PBXFrameworksBuildPhase;
			buildActionMask = 2147483647;
			files = (
			);
			runOnlyForDeploymentPostprocessing = 0;
		};
		329F81B72C67AB6900ECCA4E /* Frameworks */ = {
			isa = PBXFrameworksBuildPhase;
			buildActionMask = 2147483647;
			files = (
			);
			runOnlyForDeploymentPostprocessing = 0;
		};
/* End PBXFrameworksBuildPhase section */

/* Begin PBXGroup section */
		329F81972C67AB6400ECCA4E = {
			isa = PBXGroup;
			children = (
				329F81A22C67AB6400ECCA4E /* Metronom */,
				329F81B32C67AB6900ECCA4E /* MetronomTests */,
				329F81BD2C67AB6900ECCA4E /* MetronomUITests */,
				329F81A12C67AB6400ECCA4E /* Products */,
			);
			sourceTree = "<group>";
		};
		329F81A12C67AB6400ECCA4E /* Products */ = {
			isa = PBXGroup;
			children = (
				329F81A02C67AB6400ECCA4E /* Metronom.app */,
				329F81B02C67AB6900ECCA4E /* MetronomTests.xctest */,
				329F81BA2C67AB6900ECCA4E /* MetronomUITests.xctest */,
			);
			name = Products;
			sourceTree = "<group>";
		};
/* End PBXGroup section */

/* Begin PBXNativeTarget section */
		329F819F2C67AB6400ECCA4E /* Metronom */ = {
			isa = PBXNativeTarget;
			buildConfigurationList = 329F81C42C67AB6900ECCA4E /* Build configuration list for PBXNativeTarget "Metronom" */;
			buildPhases = (
				329F819C2C67AB6400ECCA4E /* Sources */,
				329F819D2C67AB6400ECCA4E /* Frameworks */,
				329F819E2C67AB6400ECCA4E /* Resources */,
			);
			buildRules = (
			);
			dependencies = (
			);
			fileSystemSynchronizedGroups = (
				329F81A22C67AB6400ECCA4E /* Metronom */,
			);
			name = Metronom;
			packageProductDependencies = (
				3286484F2C67BA4800D435FA /* RxCocoa */,
				328648512C67BA4800D435FA /* RxSwift */,
			);
			productName = Metronom;
			productReference = 329F81A02C67AB6400ECCA4E /* Metronom.app */;
			productType = "com.apple.product-type.application";
		};
		329F81AF2C67AB6900ECCA4E /* MetronomTests */ = {
			isa = PBXNativeTarget;
			buildConfigurationList = 329F81C72C67AB6900ECCA4E /* Build configuration list for PBXNativeTarget "MetronomTests" */;
			buildPhases = (
				329F81AC2C67AB6900ECCA4E /* Sources */,
				329F81AD2C67AB6900ECCA4E /* Frameworks */,
				329F81AE2C67AB6900ECCA4E /* Resources */,
			);
			buildRules = (
			);
			dependencies = (
				329F81B22C67AB6900ECCA4E /* PBXTargetDependency */,
			);
			fileSystemSynchronizedGroups = (
				329F81B32C67AB6900ECCA4E /* MetronomTests */,
			);
			name = MetronomTests;
			packageProductDependencies = (
			);
			productName = MetronomTests;
			productReference = 329F81B02C67AB6900ECCA4E /* MetronomTests.xctest */;
			productType = "com.apple.product-type.bundle.unit-test";
		};
		329F81B92C67AB6900ECCA4E /* MetronomUITests */ = {
			isa = PBXNativeTarget;
			buildConfigurationList = 329F81CA2C67AB6900ECCA4E /* Build configuration list for PBXNativeTarget "MetronomUITests" */;
			buildPhases = (
				329F81B62C67AB6900ECCA4E /* Sources */,
				329F81B72C67AB6900ECCA4E /* Frameworks */,
				329F81B82C67AB6900ECCA4E /* Resources */,
			);
			buildRules = (
			);
			dependencies = (
				329F81BC2C67AB6900ECCA4E /* PBXTargetDependency */,
			);
			fileSystemSynchronizedGroups = (
				329F81BD2C67AB6900ECCA4E /* MetronomUITests */,
			);
			name = MetronomUITests;
			packageProductDependencies = (
			);
			productName = MetronomUITests;
			productReference = 329F81BA2C67AB6900ECCA4E /* MetronomUITests.xctest */;
			productType = "com.apple.product-type.bundle.ui-testing";
		};
/* End PBXNativeTarget section */

/* Begin PBXProject section */
		329F81982C67AB6400ECCA4E /* Project object */ = {
			isa = PBXProject;
			attributes = {
				BuildIndependentTargetsInParallel = 1;
				LastSwiftUpdateCheck = 1600;
				LastUpgradeCheck = 1600;
				TargetAttributes = {
					329F819F2C67AB6400ECCA4E = {
						CreatedOnToolsVersion = 16.0;
					};
					329F81AF2C67AB6900ECCA4E = {
						CreatedOnToolsVersion = 16.0;
						TestTargetID = 329F819F2C67AB6400ECCA4E;
					};
					329F81B92C67AB6900ECCA4E = {
						CreatedOnToolsVersion = 16.0;
						TestTargetID = 329F819F2C67AB6400ECCA4E;
					};
				};
			};
			buildConfigurationList = 329F819B2C67AB6400ECCA4E /* Build configuration list for PBXProject "Metronom" */;
			developmentRegion = en;
			hasScannedForEncodings = 0;
			knownRegions = (
				en,
				Base,
			);
			mainGroup = 329F81972C67AB6400ECCA4E;
			minimizedProjectReferenceProxies = 1;
			packageReferences = (
				3286484E2C67BA4800D435FA /* XCRemoteSwiftPackageReference "RxSwift" */,
			);
			preferredProjectObjectVersion = 77;
			productRefGroup = 329F81A12C67AB6400ECCA4E /* Products */;
			projectDirPath = "";
			projectRoot = "";
			targets = (
				329F819F2C67AB6400ECCA4E /* Metronom */,
				329F81AF2C67AB6900ECCA4E /* MetronomTests */,
				329F81B92C67AB6900ECCA4E /* MetronomUITests */,
			);
		};
/* End PBXProject section */

/* Begin PBXResourcesBuildPhase section */
		329F819E2C67AB6400ECCA4E /* Resources */ = {
			isa = PBXResourcesBuildPhase;
			buildActionMask = 2147483647;
			files = (
			);
			runOnlyForDeploymentPostprocessing = 0;
		};
		329F81AE2C67AB6900ECCA4E /* Resources */ = {
			isa = PBXResourcesBuildPhase;
			buildActionMask = 2147483647;
			files = (
			);
			runOnlyForDeploymentPostprocessing = 0;
		};
		329F81B82C67AB6900ECCA4E /* Resources */ = {
			isa = PBXResourcesBuildPhase;
			buildActionMask = 2147483647;
			files = (
			);
			runOnlyForDeploymentPostprocessing = 0;
		};
/* End PBXResourcesBuildPhase section */

/* Begin PBXSourcesBuildPhase section */
		329F819C2C67AB6400ECCA4E /* Sources */ = {
			isa = PBXSourcesBuildPhase;
			buildActionMask = 2147483647;
			files = (
			);
			runOnlyForDeploymentPostprocessing = 0;
		};
		329F81AC2C67AB6900ECCA4E /* Sources */ = {
			isa = PBXSourcesBuildPhase;
			buildActionMask = 2147483647;
			files = (
			);
			runOnlyForDeploymentPostprocessing = 0;
		};
		329F81B62C67AB6900ECCA4E /* Sources */ = {
			isa = PBXSourcesBuildPhase;
			buildActionMask = 2147483647;
			files = (
			);
			runOnlyForDeploymentPostprocessing = 0;
		};
/* End PBXSourcesBuildPhase section */

/* Begin PBXTargetDependency section */
		329F81B22C67AB6900ECCA4E /* PBXTargetDependency */ = {
			isa = PBXTargetDependency;
			target = 329F819F2C67AB6400ECCA4E /* Metronom */;
			targetProxy = 329F81B12C67AB6900ECCA4E /* PBXContainerItemProxy */;
		};
		329F81BC2C67AB6900ECCA4E /* PBXTargetDependency */ = {
			isa = PBXTargetDependency;
			target = 329F819F2C67AB6400ECCA4E /* Metronom */;
			targetProxy = 329F81BB2C67AB6900ECCA4E /* PBXContainerItemProxy */;
		};
/* End PBXTargetDependency section */

/* Begin XCBuildConfiguration section */
		329F81C22C67AB6900ECCA4E /* Debug */ = {
			isa = XCBuildConfiguration;
			buildSettings = {
				ALWAYS_SEARCH_USER_PATHS = NO;
				ASSETCATALOG_COMPILER_GENERATE_SWIFT_ASSET_SYMBOL_EXTENSIONS = YES;
				CLANG_ANALYZER_NONNULL = YES;
				CLANG_ANALYZER_NUMBER_OBJECT_CONVERSION = YES_AGGRESSIVE;
				CLANG_CXX_LANGUAGE_STANDARD = "gnu++20";
				CLANG_ENABLE_MODULES = YES;
				CLANG_ENABLE_OBJC_ARC = YES;
				CLANG_ENABLE_OBJC_WEAK = YES;
				CLANG_WARN_BLOCK_CAPTURE_AUTORELEASING = YES;
				CLANG_WARN_BOOL_CONVERSION = YES;
				CLANG_WARN_COMMA = YES;
				CLANG_WARN_CONSTANT_CONVERSION = YES;
				CLANG_WARN_DEPRECATED_OBJC_IMPLEMENTATIONS = YES;
				CLANG_WARN_DIRECT_OBJC_ISA_USAGE = YES_ERROR;
				CLANG_WARN_DOCUMENTATION_COMMENTS = YES;
				CLANG_WARN_EMPTY_BODY = YES;
				CLANG_WARN_ENUM_CONVERSION = YES;
				CLANG_WARN_INFINITE_RECURSION = YES;
				CLANG_WARN_INT_CONVERSION = YES;
				CLANG_WARN_NON_LITERAL_NULL_CONVERSION = YES;
				CLANG_WARN_OBJC_IMPLICIT_RETAIN_SELF = YES;
				CLANG_WARN_OBJC_LITERAL_CONVERSION = YES;
				CLANG_WARN_OBJC_ROOT_CLASS = YES_ERROR;
				CLANG_WARN_QUOTED_INCLUDE_IN_FRAMEWORK_HEADER = YES;
				CLANG_WARN_RANGE_LOOP_ANALYSIS = YES;
				CLANG_WARN_STRICT_PROTOTYPES = YES;
				CLANG_WARN_SUSPICIOUS_MOVE = YES;
				CLANG_WARN_UNGUARDED_AVAILABILITY = YES_AGGRESSIVE;
				CLANG_WARN_UNREACHABLE_CODE = YES;
				CLANG_WARN__DUPLICATE_METHOD_MATCH = YES;
				COPY_PHASE_STRIP = NO;
				DEBUG_INFORMATION_FORMAT = dwarf;
				ENABLE_STRICT_OBJC_MSGSEND = YES;
				ENABLE_TESTABILITY = YES;
				ENABLE_USER_SCRIPT_SANDBOXING = YES;
				GCC_C_LANGUAGE_STANDARD = gnu17;
				GCC_DYNAMIC_NO_PIC = NO;
				GCC_NO_COMMON_BLOCKS = YES;
				GCC_OPTIMIZATION_LEVEL = 0;
				GCC_PREPROCESSOR_DEFINITIONS = (
					"DEBUG=1",
					"$(inherited)",
				);
				GCC_WARN_64_TO_32_BIT_CONVERSION = YES;
				GCC_WARN_ABOUT_RETURN_TYPE = YES_ERROR;
				GCC_WARN_UNDECLARED_SELECTOR = YES;
				GCC_WARN_UNINITIALIZED_AUTOS = YES_AGGRESSIVE;
				GCC_WARN_UNUSED_FUNCTION = YES;
				GCC_WARN_UNUSED_VARIABLE = YES;
				IPHONEOS_DEPLOYMENT_TARGET = 18.0;
				LOCALIZATION_PREFERS_STRING_CATALOGS = YES;
				MTL_ENABLE_DEBUG_INFO = INCLUDE_SOURCE;
				MTL_FAST_MATH = YES;
				ONLY_ACTIVE_ARCH = YES;
				SDKROOT = iphoneos;
				SWIFT_ACTIVE_COMPILATION_CONDITIONS = "DEBUG $(inherited)";
				SWIFT_OPTIMIZATION_LEVEL = "-Onone";
			};
			name = Debug;
		};
		329F81C32C67AB6900ECCA4E /* Release */ = {
			isa = XCBuildConfiguration;
			buildSettings = {
				ALWAYS_SEARCH_USER_PATHS = NO;
				ASSETCATALOG_COMPILER_GENERATE_SWIFT_ASSET_SYMBOL_EXTENSIONS = YES;
				CLANG_ANALYZER_NONNULL = YES;
				CLANG_ANALYZER_NUMBER_OBJECT_CONVERSION = YES_AGGRESSIVE;
				CLANG_CXX_LANGUAGE_STANDARD = "gnu++20";
				CLANG_ENABLE_MODULES = YES;
				CLANG_ENABLE_OBJC_ARC = YES;
				CLANG_ENABLE_OBJC_WEAK = YES;
				CLANG_WARN_BLOCK_CAPTURE_AUTORELEASING = YES;
				CLANG_WARN_BOOL_CONVERSION = YES;
				CLANG_WARN_COMMA = YES;
				CLANG_WARN_CONSTANT_CONVERSION = YES;
				CLANG_WARN_DEPRECATED_OBJC_IMPLEMENTATIONS = YES;
				CLANG_WARN_DIRECT_OBJC_ISA_USAGE = YES_ERROR;
				CLANG_WARN_DOCUMENTATION_COMMENTS = YES;
				CLANG_WARN_EMPTY_BODY = YES;
				CLANG_WARN_ENUM_CONVERSION = YES;
				CLANG_WARN_INFINITE_RECURSION = YES;
				CLANG_WARN_INT_CONVERSION = YES;
				CLANG_WARN_NON_LITERAL_NULL_CONVERSION = YES;
				CLANG_WARN_OBJC_IMPLICIT_RETAIN_SELF = YES;
				CLANG_WARN_OBJC_LITERAL_CONVERSION = YES;
				CLANG_WARN_OBJC_ROOT_CLASS = YES_ERROR;
				CLANG_WARN_QUOTED_INCLUDE_IN_FRAMEWORK_HEADER = YES;
				CLANG_WARN_RANGE_LOOP_ANALYSIS = YES;
				CLANG_WARN_STRICT_PROTOTYPES = YES;
				CLANG_WARN_SUSPICIOUS_MOVE = YES;
				CLANG_WARN_UNGUARDED_AVAILABILITY = YES_AGGRESSIVE;
				CLANG_WARN_UNREACHABLE_CODE = YES;
				CLANG_WARN__DUPLICATE_METHOD_MATCH = YES;
				COPY_PHASE_STRIP = NO;
				DEBUG_INFORMATION_FORMAT = "dwarf-with-dsym";
				ENABLE_NS_ASSERTIONS = NO;
				ENABLE_STRICT_OBJC_MSGSEND = YES;
				ENABLE_USER_SCRIPT_SANDBOXING = YES;
				GCC_C_LANGUAGE_STANDARD = gnu17;
				GCC_NO_COMMON_BLOCKS = YES;
				GCC_WARN_64_TO_32_BIT_CONVERSION = YES;
				GCC_WARN_ABOUT_RETURN_TYPE = YES_ERROR;
				GCC_WARN_UNDECLARED_SELECTOR = YES;
				GCC_WARN_UNINITIALIZED_AUTOS = YES_AGGRESSIVE;
				GCC_WARN_UNUSED_FUNCTION = YES;
				GCC_WARN_UNUSED_VARIABLE = YES;
				IPHONEOS_DEPLOYMENT_TARGET = 18.0;
				LOCALIZATION_PREFERS_STRING_CATALOGS = YES;
				MTL_ENABLE_DEBUG_INFO = NO;
				MTL_FAST_MATH = YES;
				SDKROOT = iphoneos;
				SWIFT_COMPILATION_MODE = wholemodule;
				VALIDATE_PRODUCT = YES;
			};
			name = Release;
		};
		329F81C52C67AB6900ECCA4E /* Debug */ = {
			isa = XCBuildConfiguration;
			buildSettings = {
				ASSETCATALOG_COMPILER_APPICON_NAME = AppIcon;
				ASSETCATALOG_COMPILER_GLOBAL_ACCENT_COLOR_NAME = AccentColor;
				CODE_SIGN_STYLE = Automatic;
				CURRENT_PROJECT_VERSION = 1;
				DEVELOPMENT_ASSET_PATHS = "\"Metronom/Preview Content\"";
				DEVELOPMENT_TEAM = FE546VX675;
				ENABLE_PREVIEWS = YES;
				GENERATE_INFOPLIST_FILE = YES;
				INFOPLIST_KEY_NSMicrophoneUsageDescription = "사용 녹음을 합니다.";
				INFOPLIST_KEY_UIApplicationSceneManifest_Generation = YES;
				INFOPLIST_KEY_UIApplicationSupportsIndirectInputEvents = YES;
				INFOPLIST_KEY_UILaunchScreen_Generation = YES;
				INFOPLIST_KEY_UISupportedInterfaceOrientations_iPad = "UIInterfaceOrientationPortrait UIInterfaceOrientationPortraitUpsideDown UIInterfaceOrientationLandscapeLeft UIInterfaceOrientationLandscapeRight";
				INFOPLIST_KEY_UISupportedInterfaceOrientations_iPhone = "UIInterfaceOrientationPortrait UIInterfaceOrientationLandscapeLeft UIInterfaceOrientationLandscapeRight";
				IPHONEOS_DEPLOYMENT_TARGET = 15.0;
				LD_RUNPATH_SEARCH_PATHS = (
					"$(inherited)",
					"@executable_path/Frameworks",
				);
				MARKETING_VERSION = 1.0;
				PRODUCT_BUNDLE_IDENTIFIER = com.daun.joung.Metronom;
				PRODUCT_NAME = "$(TARGET_NAME)";
				SWIFT_EMIT_LOC_STRINGS = YES;
				SWIFT_VERSION = 5.0;
				TARGETED_DEVICE_FAMILY = "1,2";
			};
			name = Debug;
		};
		329F81C62C67AB6900ECCA4E /* Release */ = {
			isa = XCBuildConfiguration;
			buildSettings = {
				ASSETCATALOG_COMPILER_APPICON_NAME = AppIcon;
				ASSETCATALOG_COMPILER_GLOBAL_ACCENT_COLOR_NAME = AccentColor;
				CODE_SIGN_STYLE = Automatic;
				CURRENT_PROJECT_VERSION = 1;
				DEVELOPMENT_ASSET_PATHS = "\"Metronom/Preview Content\"";
				DEVELOPMENT_TEAM = FE546VX675;
				ENABLE_PREVIEWS = YES;
				GENERATE_INFOPLIST_FILE = YES;
				INFOPLIST_KEY_NSMicrophoneUsageDescription = "사용 녹음을 합니다.";
				INFOPLIST_KEY_UIApplicationSceneManifest_Generation = YES;
				INFOPLIST_KEY_UIApplicationSupportsIndirectInputEvents = YES;
				INFOPLIST_KEY_UILaunchScreen_Generation = YES;
				INFOPLIST_KEY_UISupportedInterfaceOrientations_iPad = "UIInterfaceOrientationPortrait UIInterfaceOrientationPortraitUpsideDown UIInterfaceOrientationLandscapeLeft UIInterfaceOrientationLandscapeRight";
				INFOPLIST_KEY_UISupportedInterfaceOrientations_iPhone = "UIInterfaceOrientationPortrait UIInterfaceOrientationLandscapeLeft UIInterfaceOrientationLandscapeRight";
				IPHONEOS_DEPLOYMENT_TARGET = 15.0;
				LD_RUNPATH_SEARCH_PATHS = (
					"$(inherited)",
					"@executable_path/Frameworks",
				);
				MARKETING_VERSION = 1.0;
				PRODUCT_BUNDLE_IDENTIFIER = com.daun.joung.Metronom;
				PRODUCT_NAME = "$(TARGET_NAME)";
				SWIFT_EMIT_LOC_STRINGS = YES;
				SWIFT_VERSION = 5.0;
				TARGETED_DEVICE_FAMILY = "1,2";
			};
			name = Release;
		};
		329F81C82C67AB6900ECCA4E /* Debug */ = {
			isa = XCBuildConfiguration;
			buildSettings = {
				BUNDLE_LOADER = "$(TEST_HOST)";
				CODE_SIGN_STYLE = Automatic;
				CURRENT_PROJECT_VERSION = 1;
				GENERATE_INFOPLIST_FILE = YES;
				IPHONEOS_DEPLOYMENT_TARGET = 18.0;
				MARKETING_VERSION = 1.0;
				PRODUCT_BUNDLE_IDENTIFIER = com.daun.joung.MetronomTests;
				PRODUCT_NAME = "$(TARGET_NAME)";
				SWIFT_EMIT_LOC_STRINGS = NO;
				SWIFT_VERSION = 5.0;
				TARGETED_DEVICE_FAMILY = "1,2";
				TEST_HOST = "$(BUILT_PRODUCTS_DIR)/Metronom.app/$(BUNDLE_EXECUTABLE_FOLDER_PATH)/Metronom";
			};
			name = Debug;
		};
		329F81C92C67AB6900ECCA4E /* Release */ = {
			isa = XCBuildConfiguration;
			buildSettings = {
				BUNDLE_LOADER = "$(TEST_HOST)";
				CODE_SIGN_STYLE = Automatic;
				CURRENT_PROJECT_VERSION = 1;
				GENERATE_INFOPLIST_FILE = YES;
				IPHONEOS_DEPLOYMENT_TARGET = 18.0;
				MARKETING_VERSION = 1.0;
				PRODUCT_BUNDLE_IDENTIFIER = com.daun.joung.MetronomTests;
				PRODUCT_NAME = "$(TARGET_NAME)";
				SWIFT_EMIT_LOC_STRINGS = NO;
				SWIFT_VERSION = 5.0;
				TARGETED_DEVICE_FAMILY = "1,2";
				TEST_HOST = "$(BUILT_PRODUCTS_DIR)/Metronom.app/$(BUNDLE_EXECUTABLE_FOLDER_PATH)/Metronom";
			};
			name = Release;
		};
		329F81CB2C67AB6900ECCA4E /* Debug */ = {
			isa = XCBuildConfiguration;
			buildSettings = {
				CODE_SIGN_STYLE = Automatic;
				CURRENT_PROJECT_VERSION = 1;
				GENERATE_INFOPLIST_FILE = YES;
				MARKETING_VERSION = 1.0;
				PRODUCT_BUNDLE_IDENTIFIER = com.daun.joung.MetronomUITests;
				PRODUCT_NAME = "$(TARGET_NAME)";
				SWIFT_EMIT_LOC_STRINGS = NO;
				SWIFT_VERSION = 5.0;
				TARGETED_DEVICE_FAMILY = "1,2";
				TEST_TARGET_NAME = Metronom;
			};
			name = Debug;
		};
		329F81CC2C67AB6900ECCA4E /* Release */ = {
			isa = XCBuildConfiguration;
			buildSettings = {
				CODE_SIGN_STYLE = Automatic;
				CURRENT_PROJECT_VERSION = 1;
				GENERATE_INFOPLIST_FILE = YES;
				MARKETING_VERSION = 1.0;
				PRODUCT_BUNDLE_IDENTIFIER = com.daun.joung.MetronomUITests;
				PRODUCT_NAME = "$(TARGET_NAME)";
				SWIFT_EMIT_LOC_STRINGS = NO;
				SWIFT_VERSION = 5.0;
				TARGETED_DEVICE_FAMILY = "1,2";
				TEST_TARGET_NAME = Metronom;
			};
			name = Release;
		};
/* End XCBuildConfiguration section */

/* Begin XCConfigurationList section */
		329F819B2C67AB6400ECCA4E /* Build configuration list for PBXProject "Metronom" */ = {
			isa = XCConfigurationList;
			buildConfigurations = (
				329F81C22C67AB6900ECCA4E /* Debug */,
				329F81C32C67AB6900ECCA4E /* Release */,
			);
			defaultConfigurationIsVisible = 0;
			defaultConfigurationName = Release;
		};
		329F81C42C67AB6900ECCA4E /* Build configuration list for PBXNativeTarget "Metronom" */ = {
			isa = XCConfigurationList;
			buildConfigurations = (
				329F81C52C67AB6900ECCA4E /* Debug */,
				329F81C62C67AB6900ECCA4E /* Release */,
			);
			defaultConfigurationIsVisible = 0;
			defaultConfigurationName = Release;
		};
		329F81C72C67AB6900ECCA4E /* Build configuration list for PBXNativeTarget "MetronomTests" */ = {
			isa = XCConfigurationList;
			buildConfigurations = (
				329F81C82C67AB6900ECCA4E /* Debug */,
				329F81C92C67AB6900ECCA4E /* Release */,
			);
			defaultConfigurationIsVisible = 0;
			defaultConfigurationName = Release;
		};
		329F81CA2C67AB6900ECCA4E /* Build configuration list for PBXNativeTarget "MetronomUITests" */ = {
			isa = XCConfigurationList;
			buildConfigurations = (
				329F81CB2C67AB6900ECCA4E /* Debug */,
				329F81CC2C67AB6900ECCA4E /* Release */,
			);
			defaultConfigurationIsVisible = 0;
			defaultConfigurationName = Release;
		};
/* End XCConfigurationList section */

/* Begin XCRemoteSwiftPackageReference section */
		3286484E2C67BA4800D435FA /* XCRemoteSwiftPackageReference "RxSwift" */ = {
			isa = XCRemoteSwiftPackageReference;
			repositoryURL = "https://github.com/ReactiveX/RxSwift";
			requirement = {
				kind = upToNextMajorVersion;
				minimumVersion = 6.7.1;
			};
		};
/* End XCRemoteSwiftPackageReference section */

/* Begin XCSwiftPackageProductDependency section */
		3286484F2C67BA4800D435FA /* RxCocoa */ = {
			isa = XCSwiftPackageProductDependency;
			package = 3286484E2C67BA4800D435FA /* XCRemoteSwiftPackageReference "RxSwift" */;
			productName = RxCocoa;
		};
		328648512C67BA4800D435FA /* RxSwift */ = {
			isa = XCSwiftPackageProductDependency;
			package = 3286484E2C67BA4800D435FA /* XCRemoteSwiftPackageReference "RxSwift" */;
			productName = RxSwift;
		};
/* End XCSwiftPackageProductDependency section */
	};
	rootObject = 329F81982C67AB6400ECCA4E /* Project object */;
}
